// !$*UTF8*$!
{
	archiveVersion = 1;
	classes = {
	};
	objectVersion = 51;
	objects = {

/* Begin PBXBuildFile section */
		AF060EED26E72C7A00DA2BCD /* CollectionViewCell.swift in Sources */ = {isa = PBXBuildFile; fileRef = AF060EEB26E72C7A00DA2BCD /* CollectionViewCell.swift */; };
		AF060EEE26E72C7A00DA2BCD /* CollectionViewCell.xib in Resources */ = {isa = PBXBuildFile; fileRef = AF060EEC26E72C7A00DA2BCD /* CollectionViewCell.xib */; };
		AF060EF126EAEBCE00DA2BCD /* TitleCollectionViewController.swift in Sources */ = {isa = PBXBuildFile; fileRef = AF060EF026EAEBCE00DA2BCD /* TitleCollectionViewController.swift */; };
		AF060EFA26EB48D900DA2BCD /* TitleCollectionViewCell.swift in Sources */ = {isa = PBXBuildFile; fileRef = AF060EF826EB48D900DA2BCD /* TitleCollectionViewCell.swift */; };
		AF060EFB26EB48D900DA2BCD /* TitleCollectionViewCell.xib in Resources */ = {isa = PBXBuildFile; fileRef = AF060EF926EB48D900DA2BCD /* TitleCollectionViewCell.xib */; };
		AF155F2226A70683005BDCC8 /* TitleListModel.swift in Sources */ = {isa = PBXBuildFile; fileRef = AF155F2126A70683005BDCC8 /* TitleListModel.swift */; };
		AF22CC53268F54150051C583 /* AppDelegate.swift in Sources */ = {isa = PBXBuildFile; fileRef = AF22CC52268F54150051C583 /* AppDelegate.swift */; };
		AF22CC55268F54150051C583 /* SceneDelegate.swift in Sources */ = {isa = PBXBuildFile; fileRef = AF22CC54268F54150051C583 /* SceneDelegate.swift */; };
		AF22CC5A268F54150051C583 /* Main.storyboard in Resources */ = {isa = PBXBuildFile; fileRef = AF22CC58268F54150051C583 /* Main.storyboard */; };
		AF22CC5C268F54190051C583 /* Assets.xcassets in Resources */ = {isa = PBXBuildFile; fileRef = AF22CC5B268F54190051C583 /* Assets.xcassets */; };
		AF22CC5F268F54190051C583 /* LaunchScreen.storyboard in Resources */ = {isa = PBXBuildFile; fileRef = AF22CC5D268F54190051C583 /* LaunchScreen.storyboard */; };
		AF22CD0226A1808F0051C583 /* CardListViewController.swift in Sources */ = {isa = PBXBuildFile; fileRef = AF22CD0126A1808F0051C583 /* CardListViewController.swift */; };
		AF22CD0726A181CF0051C583 /* ChildSettingViewController.swift in Sources */ = {isa = PBXBuildFile; fileRef = AF22CD0626A181CF0051C583 /* ChildSettingViewController.swift */; };
		AF46CBFE26FB1A3D00DFBCAA /* Pods_MyCardsList.framework in Frameworks */ = {isa = PBXBuildFile; fileRef = AF46CBFB26FB19DC00DFBCAA /* Pods_MyCardsList.framework */; };
/* End PBXBuildFile section */

/* Begin PBXFileReference section */
		AD37BA6E74817FDE96F369C9 /* Pods-MyCardsList.debug.xcconfig */ = {isa = PBXFileReference; includeInIndex = 1; lastKnownFileType = text.xcconfig; name = "Pods-MyCardsList.debug.xcconfig"; path = "Target Support Files/Pods-MyCardsList/Pods-MyCardsList.debug.xcconfig"; sourceTree = "<group>"; };
		AF060EEB26E72C7A00DA2BCD /* CollectionViewCell.swift */ = {isa = PBXFileReference; lastKnownFileType = sourcecode.swift; path = CollectionViewCell.swift; sourceTree = "<group>"; };
		AF060EEC26E72C7A00DA2BCD /* CollectionViewCell.xib */ = {isa = PBXFileReference; lastKnownFileType = file.xib; path = CollectionViewCell.xib; sourceTree = "<group>"; };
		AF060EF026EAEBCE00DA2BCD /* TitleCollectionViewController.swift */ = {isa = PBXFileReference; lastKnownFileType = sourcecode.swift; path = TitleCollectionViewController.swift; sourceTree = "<group>"; };
		AF060EF826EB48D900DA2BCD /* TitleCollectionViewCell.swift */ = {isa = PBXFileReference; lastKnownFileType = sourcecode.swift; path = TitleCollectionViewCell.swift; sourceTree = "<group>"; };
		AF060EF926EB48D900DA2BCD /* TitleCollectionViewCell.xib */ = {isa = PBXFileReference; lastKnownFileType = file.xib; path = TitleCollectionViewCell.xib; sourceTree = "<group>"; };
		AF155F2126A70683005BDCC8 /* TitleListModel.swift */ = {isa = PBXFileReference; lastKnownFileType = sourcecode.swift; path = TitleListModel.swift; sourceTree = "<group>"; };
		AF22CC4F268F54150051C583 /* MyCardsList.app */ = {isa = PBXFileReference; explicitFileType = wrapper.application; includeInIndex = 0; path = MyCardsList.app; sourceTree = BUILT_PRODUCTS_DIR; };
		AF22CC52268F54150051C583 /* AppDelegate.swift */ = {isa = PBXFileReference; lastKnownFileType = sourcecode.swift; path = AppDelegate.swift; sourceTree = "<group>"; };
		AF22CC54268F54150051C583 /* SceneDelegate.swift */ = {isa = PBXFileReference; lastKnownFileType = sourcecode.swift; path = SceneDelegate.swift; sourceTree = "<group>"; };
		AF22CC59268F54150051C583 /* Base */ = {isa = PBXFileReference; lastKnownFileType = file.storyboard; name = Base; path = Base.lproj/Main.storyboard; sourceTree = "<group>"; };
		AF22CC5B268F54190051C583 /* Assets.xcassets */ = {isa = PBXFileReference; lastKnownFileType = folder.assetcatalog; path = Assets.xcassets; sourceTree = "<group>"; };
		AF22CC5E268F54190051C583 /* Base */ = {isa = PBXFileReference; lastKnownFileType = file.storyboard; name = Base; path = Base.lproj/LaunchScreen.storyboard; sourceTree = "<group>"; };
		AF22CC60268F54190051C583 /* Info.plist */ = {isa = PBXFileReference; lastKnownFileType = text.plist.xml; path = Info.plist; sourceTree = "<group>"; };
		AF22CD0126A1808F0051C583 /* CardListViewController.swift */ = {isa = PBXFileReference; lastKnownFileType = sourcecode.swift; path = CardListViewController.swift; sourceTree = "<group>"; };
		AF22CD0626A181CF0051C583 /* ChildSettingViewController.swift */ = {isa = PBXFileReference; lastKnownFileType = sourcecode.swift; path = ChildSettingViewController.swift; sourceTree = "<group>"; };
		AF46CBE626F996CC00DFBCAA /* ja */ = {isa = PBXFileReference; lastKnownFileType = text.plist.strings; name = ja; path = ja.lproj/Main.strings; sourceTree = "<group>"; };
		AF46CBE726F996CD00DFBCAA /* ja */ = {isa = PBXFileReference; lastKnownFileType = text.plist.strings; name = ja; path = ja.lproj/LaunchScreen.strings; sourceTree = "<group>"; };
		AF46CBE826F9DABE00DFBCAA /* GoogleMobileAds.xcframework */ = {isa = PBXFileReference; lastKnownFileType = wrapper.xcframework; name = GoogleMobileAds.xcframework; path = "Pods/Google-Mobile-Ads-SDK/Frameworks/GoogleMobileAdsFramework-Current/GoogleMobileAds.xcframework"; sourceTree = "<group>"; };
		AF46CBF226F9E39100DFBCAA /* Accelerate.framework */ = {isa = PBXFileReference; lastKnownFileType = wrapper.framework; name = Accelerate.framework; path = System/Library/Frameworks/Accelerate.framework; sourceTree = SDKROOT; };
		AF46CBF426F9E41E00DFBCAA /* Pods_MyCardsList.framework */ = {isa = PBXFileReference; explicitFileType = wrapper.framework; path = Pods_MyCardsList.framework; sourceTree = BUILT_PRODUCTS_DIR; };
		AF46CBFB26FB19DC00DFBCAA /* Pods_MyCardsList.framework */ = {isa = PBXFileReference; explicitFileType = wrapper.framework; path = Pods_MyCardsList.framework; sourceTree = BUILT_PRODUCTS_DIR; };
		D3314AE4365F3833342D424E /* Pods-MyCardsList.release.xcconfig */ = {isa = PBXFileReference; includeInIndex = 1; lastKnownFileType = text.xcconfig; name = "Pods-MyCardsList.release.xcconfig"; path = "Target Support Files/Pods-MyCardsList/Pods-MyCardsList.release.xcconfig"; sourceTree = "<group>"; };
		E1681E40158D2DA617D016EB /* Pods_MyCardsList.framework */ = {isa = PBXFileReference; explicitFileType = wrapper.framework; includeInIndex = 0; path = Pods_MyCardsList.framework; sourceTree = BUILT_PRODUCTS_DIR; };
/* End PBXFileReference section */

/* Begin PBXFrameworksBuildPhase section */
		AF22CC4C268F54150051C583 /* Frameworks */ = {
			isa = PBXFrameworksBuildPhase;
			buildActionMask = 2147483647;
			files = (
				AF46CBFE26FB1A3D00DFBCAA /* Pods_MyCardsList.framework in Frameworks */,
			);
			runOnlyForDeploymentPostprocessing = 0;
		};
/* End PBXFrameworksBuildPhase section */

/* Begin PBXGroup section */
		4490EBC398C555B72C4BBD05 /* Frameworks */ = {
			isa = PBXGroup;
			children = (
				AF46CBFB26FB19DC00DFBCAA /* Pods_MyCardsList.framework */,
				AF46CBF426F9E41E00DFBCAA /* Pods_MyCardsList.framework */,
				AF46CBF226F9E39100DFBCAA /* Accelerate.framework */,
				AF46CBE826F9DABE00DFBCAA /* GoogleMobileAds.xcframework */,
				E1681E40158D2DA617D016EB /* Pods_MyCardsList.framework */,
			);
			name = Frameworks;
			sourceTree = "<group>";
		};
		7E285A7238E720944BD488BC /* Pods */ = {
			isa = PBXGroup;
			children = (
				AD37BA6E74817FDE96F369C9 /* Pods-MyCardsList.debug.xcconfig */,
				D3314AE4365F3833342D424E /* Pods-MyCardsList.release.xcconfig */,
			);
			path = Pods;
			sourceTree = "<group>";
		};
		AF155F2026A70502005BDCC8 /* ChildViewController */ = {
			isa = PBXGroup;
			children = (
				AF22CD0626A181CF0051C583 /* ChildSettingViewController.swift */,
			);
			path = ChildViewController;
			sourceTree = "<group>";
		};
		AF22CC46268F54150051C583 = {
			isa = PBXGroup;
			children = (
				AF22CC51268F54150051C583 /* MyCardsList */,
				7E285A7238E720944BD488BC /* Pods */,
				4490EBC398C555B72C4BBD05 /* Frameworks */,
			);
			sourceTree = "<group>";
		};
		AF22CC50268F54150051C583 /* Products */ = {
			isa = PBXGroup;
			children = (
				AF22CC4F268F54150051C583 /* MyCardsList.app */,
			);
			name = Products;
			path = ..;
			sourceTree = "<group>";
		};
		AF22CC51268F54150051C583 /* MyCardsList */ = {
			isa = PBXGroup;
			children = (
				AF22CC52268F54150051C583 /* AppDelegate.swift */,
				AF22CC54268F54150051C583 /* SceneDelegate.swift */,
				AF22CC58268F54150051C583 /* Main.storyboard */,
				AF22CC5D268F54190051C583 /* LaunchScreen.storyboard */,
				AF22CC5B268F54190051C583 /* Assets.xcassets */,
				AF22CC60268F54190051C583 /* Info.plist */,
				AF22CC50268F54150051C583 /* Products */,
				AF22CD0526A181770051C583 /* TitleList */,
				AF22CD0326A180CC0051C583 /* CardList */,
			);
			path = MyCardsList;
			sourceTree = "<group>";
		};
		AF22CD0326A180CC0051C583 /* CardList */ = {
			isa = PBXGroup;
			children = (
				AF22CD0126A1808F0051C583 /* CardListViewController.swift */,
				AF060EEB26E72C7A00DA2BCD /* CollectionViewCell.swift */,
				AF060EEC26E72C7A00DA2BCD /* CollectionViewCell.xib */,
				AF155F2026A70502005BDCC8 /* ChildViewController */,
			);
			path = CardList;
			sourceTree = "<group>";
		};
		AF22CD0526A181770051C583 /* TitleList */ = {
			isa = PBXGroup;
			children = (
				AF060EF026EAEBCE00DA2BCD /* TitleCollectionViewController.swift */,
				AF060EF826EB48D900DA2BCD /* TitleCollectionViewCell.swift */,
				AF060EF926EB48D900DA2BCD /* TitleCollectionViewCell.xib */,
				AF155F2126A70683005BDCC8 /* TitleListModel.swift */,
			);
			path = TitleList;
			sourceTree = "<group>";
		};
/* End PBXGroup section */

/* Begin PBXNativeTarget section */
		AF22CC4E268F54150051C583 /* MyCardsList */ = {
			isa = PBXNativeTarget;
			buildConfigurationList = AF22CC63268F54190051C583 /* Build configuration list for PBXNativeTarget "MyCardsList" */;
			buildPhases = (
				422E42B33EE2084C7622A1C1 /* [CP] Check Pods Manifest.lock */,
				AF22CC4B268F54150051C583 /* Sources */,
				AF22CC4C268F54150051C583 /* Frameworks */,
				AF22CC4D268F54150051C583 /* Resources */,
				A260951A6E4B9AE7BB67A028 /* [CP] Embed Pods Frameworks */,
			);
			buildRules = (
			);
			dependencies = (
			);
			name = MyCardsList;
			productName = MyCardsList;
			productReference = AF22CC4F268F54150051C583 /* MyCardsList.app */;
			productType = "com.apple.product-type.application";
		};
/* End PBXNativeTarget section */

/* Begin PBXProject section */
		AF22CC47268F54150051C583 /* Project object */ = {
			isa = PBXProject;
			attributes = {
				LastSwiftUpdateCheck = 1250;
				LastUpgradeCheck = 1250;
				TargetAttributes = {
					AF22CC4E268F54150051C583 = {
						CreatedOnToolsVersion = 12.5.1;
					};
				};
			};
			buildConfigurationList = AF22CC4A268F54150051C583 /* Build configuration list for PBXProject "MyCardsList" */;
			compatibilityVersion = "Xcode 9.3";
			developmentRegion = en;
			hasScannedForEncodings = 0;
			knownRegions = (
				en,
				Base,
				ja,
			);
			mainGroup = AF22CC46268F54150051C583;
			productRefGroup = AF22CC50268F54150051C583 /* Products */;
			projectDirPath = "";
			projectRoot = "";
			targets = (
				AF22CC4E268F54150051C583 /* MyCardsList */,
			);
		};
/* End PBXProject section */

/* Begin PBXResourcesBuildPhase section */
		AF22CC4D268F54150051C583 /* Resources */ = {
			isa = PBXResourcesBuildPhase;
			buildActionMask = 2147483647;
			files = (
				AF060EFB26EB48D900DA2BCD /* TitleCollectionViewCell.xib in Resources */,
				AF22CC5F268F54190051C583 /* LaunchScreen.storyboard in Resources */,
				AF22CC5C268F54190051C583 /* Assets.xcassets in Resources */,
				AF060EEE26E72C7A00DA2BCD /* CollectionViewCell.xib in Resources */,
				AF22CC5A268F54150051C583 /* Main.storyboard in Resources */,
			);
			runOnlyForDeploymentPostprocessing = 0;
		};
/* End PBXResourcesBuildPhase section */

/* Begin PBXShellScriptBuildPhase section */
		422E42B33EE2084C7622A1C1 /* [CP] Check Pods Manifest.lock */ = {
			isa = PBXShellScriptBuildPhase;
			buildActionMask = 2147483647;
			files = (
			);
			inputFileListPaths = (
			);
			inputPaths = (
				"${PODS_PODFILE_DIR_PATH}/Podfile.lock",
				"${PODS_ROOT}/Manifest.lock",
			);
			name = "[CP] Check Pods Manifest.lock";
			outputFileListPaths = (
			);
			outputPaths = (
				"$(DERIVED_FILE_DIR)/Pods-MyCardsList-checkManifestLockResult.txt",
			);
			runOnlyForDeploymentPostprocessing = 0;
			shellPath = /bin/sh;
			shellScript = "diff \"${PODS_PODFILE_DIR_PATH}/Podfile.lock\" \"${PODS_ROOT}/Manifest.lock\" > /dev/null\nif [ $? != 0 ] ; then\n    # print error to STDERR\n    echo \"error: The sandbox is not in sync with the Podfile.lock. Run 'pod install' or update your CocoaPods installation.\" >&2\n    exit 1\nfi\n# This output is used by Xcode 'outputs' to avoid re-running this script phase.\necho \"SUCCESS\" > \"${SCRIPT_OUTPUT_FILE_0}\"\n";
			showEnvVarsInLog = 0;
		};
		A260951A6E4B9AE7BB67A028 /* [CP] Embed Pods Frameworks */ = {
			isa = PBXShellScriptBuildPhase;
			buildActionMask = 2147483647;
			files = (
			);
			inputFileListPaths = (
				"${PODS_ROOT}/Target Support Files/Pods-MyCardsList/Pods-MyCardsList-frameworks-${CONFIGURATION}-input-files.xcfilelist",
			);
			name = "[CP] Embed Pods Frameworks";
			outputFileListPaths = (
				"${PODS_ROOT}/Target Support Files/Pods-MyCardsList/Pods-MyCardsList-frameworks-${CONFIGURATION}-output-files.xcfilelist",
			);
			runOnlyForDeploymentPostprocessing = 0;
			shellPath = /bin/sh;
			shellScript = "\"${PODS_ROOT}/Target Support Files/Pods-MyCardsList/Pods-MyCardsList-frameworks.sh\"\n";
			showEnvVarsInLog = 0;
		};
/* End PBXShellScriptBuildPhase section */

/* Begin PBXSourcesBuildPhase section */
		AF22CC4B268F54150051C583 /* Sources */ = {
			isa = PBXSourcesBuildPhase;
			buildActionMask = 2147483647;
			files = (
				AF22CD0726A181CF0051C583 /* ChildSettingViewController.swift in Sources */,
				AF060EFA26EB48D900DA2BCD /* TitleCollectionViewCell.swift in Sources */,
				AF22CC53268F54150051C583 /* AppDelegate.swift in Sources */,
				AF060EF126EAEBCE00DA2BCD /* TitleCollectionViewController.swift in Sources */,
				AF060EED26E72C7A00DA2BCD /* CollectionViewCell.swift in Sources */,
				AF22CC55268F54150051C583 /* SceneDelegate.swift in Sources */,
				AF155F2226A70683005BDCC8 /* TitleListModel.swift in Sources */,
				AF22CD0226A1808F0051C583 /* CardListViewController.swift in Sources */,
			);
			runOnlyForDeploymentPostprocessing = 0;
		};
/* End PBXSourcesBuildPhase section */

/* Begin PBXVariantGroup section */
		AF22CC58268F54150051C583 /* Main.storyboard */ = {
			isa = PBXVariantGroup;
			children = (
				AF22CC59268F54150051C583 /* Base */,
				AF46CBE626F996CC00DFBCAA /* ja */,
			);
			name = Main.storyboard;
			sourceTree = "<group>";
		};
		AF22CC5D268F54190051C583 /* LaunchScreen.storyboard */ = {
			isa = PBXVariantGroup;
			children = (
				AF22CC5E268F54190051C583 /* Base */,
				AF46CBE726F996CD00DFBCAA /* ja */,
			);
			name = LaunchScreen.storyboard;
			sourceTree = "<group>";
		};
/* End PBXVariantGroup section */

/* Begin XCBuildConfiguration section */
		AF22CC61268F54190051C583 /* Debug */ = {
			isa = XCBuildConfiguration;
			buildSettings = {
				ALWAYS_SEARCH_USER_PATHS = NO;
				CLANG_ANALYZER_LOCALIZABILITY_NONLOCALIZED = YES;
				CLANG_ANALYZER_NONNULL = YES;
				CLANG_ANALYZER_NUMBER_OBJECT_CONVERSION = YES_AGGRESSIVE;
				CLANG_CXX_LANGUAGE_STANDARD = "gnu++14";
				CLANG_CXX_LIBRARY = "libc++";
				CLANG_ENABLE_MODULES = YES;
				CLANG_ENABLE_OBJC_ARC = YES;
				CLANG_ENABLE_OBJC_WEAK = YES;
				CLANG_WARN_BLOCK_CAPTURE_AUTORELEASING = YES;
				CLANG_WARN_BOOL_CONVERSION = YES;
				CLANG_WARN_COMMA = YES;
				CLANG_WARN_CONSTANT_CONVERSION = YES;
				CLANG_WARN_DEPRECATED_OBJC_IMPLEMENTATIONS = YES;
				CLANG_WARN_DIRECT_OBJC_ISA_USAGE = YES_ERROR;
				CLANG_WARN_DOCUMENTATION_COMMENTS = YES;
				CLANG_WARN_EMPTY_BODY = YES;
				CLANG_WARN_ENUM_CONVERSION = YES;
				CLANG_WARN_INFINITE_RECURSION = YES;
				CLANG_WARN_INT_CONVERSION = YES;
				CLANG_WARN_NON_LITERAL_NULL_CONVERSION = YES;
				CLANG_WARN_OBJC_IMPLICIT_RETAIN_SELF = YES;
				CLANG_WARN_OBJC_LITERAL_CONVERSION = YES;
				CLANG_WARN_OBJC_ROOT_CLASS = YES_ERROR;
				CLANG_WARN_QUOTED_INCLUDE_IN_FRAMEWORK_HEADER = YES;
				CLANG_WARN_RANGE_LOOP_ANALYSIS = YES;
				CLANG_WARN_STRICT_PROTOTYPES = YES;
				CLANG_WARN_SUSPICIOUS_MOVE = YES;
				CLANG_WARN_UNGUARDED_AVAILABILITY = YES_AGGRESSIVE;
				CLANG_WARN_UNREACHABLE_CODE = YES;
				CLANG_WARN__DUPLICATE_METHOD_MATCH = YES;
				COPY_PHASE_STRIP = NO;
				DEBUG_INFORMATION_FORMAT = dwarf;
				ENABLE_STRICT_OBJC_MSGSEND = YES;
				ENABLE_TESTABILITY = YES;
				GCC_C_LANGUAGE_STANDARD = gnu11;
				GCC_DYNAMIC_NO_PIC = NO;
				GCC_NO_COMMON_BLOCKS = YES;
				GCC_OPTIMIZATION_LEVEL = 0;
				GCC_PREPROCESSOR_DEFINITIONS = (
					"DEBUG=1",
					"$(inherited)",
				);
				GCC_WARN_64_TO_32_BIT_CONVERSION = YES;
				GCC_WARN_ABOUT_RETURN_TYPE = YES_ERROR;
				GCC_WARN_UNDECLARED_SELECTOR = YES;
				GCC_WARN_UNINITIALIZED_AUTOS = YES_AGGRESSIVE;
				GCC_WARN_UNUSED_FUNCTION = YES;
				GCC_WARN_UNUSED_VARIABLE = YES;
				IPHONEOS_DEPLOYMENT_TARGET = 14.1;
				MTL_ENABLE_DEBUG_INFO = INCLUDE_SOURCE;
				MTL_FAST_MATH = YES;
				ONLY_ACTIVE_ARCH = YES;
				SDKROOT = iphoneos;
				SWIFT_ACTIVE_COMPILATION_CONDITIONS = DEBUG;
				SWIFT_OPTIMIZATION_LEVEL = "-Onone";
			};
			name = Debug;
		};
		AF22CC62268F54190051C583 /* Release */ = {
			isa = XCBuildConfiguration;
			buildSettings = {
				ALWAYS_SEARCH_USER_PATHS = NO;
				CLANG_ANALYZER_LOCALIZABILITY_NONLOCALIZED = YES;
				CLANG_ANALYZER_NONNULL = YES;
				CLANG_ANALYZER_NUMBER_OBJECT_CONVERSION = YES_AGGRESSIVE;
				CLANG_CXX_LANGUAGE_STANDARD = "gnu++14";
				CLANG_CXX_LIBRARY = "libc++";
				CLANG_ENABLE_MODULES = YES;
				CLANG_ENABLE_OBJC_ARC = YES;
				CLANG_ENABLE_OBJC_WEAK = YES;
				CLANG_WARN_BLOCK_CAPTURE_AUTORELEASING = YES;
				CLANG_WARN_BOOL_CONVERSION = YES;
				CLANG_WARN_COMMA = YES;
				CLANG_WARN_CONSTANT_CONVERSION = YES;
				CLANG_WARN_DEPRECATED_OBJC_IMPLEMENTATIONS = YES;
				CLANG_WARN_DIRECT_OBJC_ISA_USAGE = YES_ERROR;
				CLANG_WARN_DOCUMENTATION_COMMENTS = YES;
				CLANG_WARN_EMPTY_BODY = YES;
				CLANG_WARN_ENUM_CONVERSION = YES;
				CLANG_WARN_INFINITE_RECURSION = YES;
				CLANG_WARN_INT_CONVERSION = YES;
				CLANG_WARN_NON_LITERAL_NULL_CONVERSION = YES;
				CLANG_WARN_OBJC_IMPLICIT_RETAIN_SELF = YES;
				CLANG_WARN_OBJC_LITERAL_CONVERSION = YES;
				CLANG_WARN_OBJC_ROOT_CLASS = YES_ERROR;
				CLANG_WARN_QUOTED_INCLUDE_IN_FRAMEWORK_HEADER = YES;
				CLANG_WARN_RANGE_LOOP_ANALYSIS = YES;
				CLANG_WARN_STRICT_PROTOTYPES = YES;
				CLANG_WARN_SUSPICIOUS_MOVE = YES;
				CLANG_WARN_UNGUARDED_AVAILABILITY = YES_AGGRESSIVE;
				CLANG_WARN_UNREACHABLE_CODE = YES;
				CLANG_WARN__DUPLICATE_METHOD_MATCH = YES;
				COPY_PHASE_STRIP = NO;
				DEBUG_INFORMATION_FORMAT = "dwarf-with-dsym";
				ENABLE_NS_ASSERTIONS = NO;
				ENABLE_STRICT_OBJC_MSGSEND = YES;
				GCC_C_LANGUAGE_STANDARD = gnu11;
				GCC_NO_COMMON_BLOCKS = YES;
				GCC_WARN_64_TO_32_BIT_CONVERSION = YES;
				GCC_WARN_ABOUT_RETURN_TYPE = YES_ERROR;
				GCC_WARN_UNDECLARED_SELECTOR = YES;
				GCC_WARN_UNINITIALIZED_AUTOS = YES_AGGRESSIVE;
				GCC_WARN_UNUSED_FUNCTION = YES;
				GCC_WARN_UNUSED_VARIABLE = YES;
				IPHONEOS_DEPLOYMENT_TARGET = 14.1;
				MTL_ENABLE_DEBUG_INFO = NO;
				MTL_FAST_MATH = YES;
				SDKROOT = iphoneos;
				SWIFT_COMPILATION_MODE = wholemodule;
				SWIFT_OPTIMIZATION_LEVEL = "-O";
				VALIDATE_PRODUCT = YES;
			};
			name = Release;
		};
		AF22CC64268F54190051C583 /* Debug */ = {
			isa = XCBuildConfiguration;
			baseConfigurationReference = AD37BA6E74817FDE96F369C9 /* Pods-MyCardsList.debug.xcconfig */;
			buildSettings = {
				ASSETCATALOG_COMPILER_APPICON_NAME = AppIcon;
				ASSETCATALOG_COMPILER_GLOBAL_ACCENT_COLOR_NAME = AccentColor;
				CODE_SIGN_STYLE = Automatic;
				CURRENT_PROJECT_VERSION = 1.1.3;
				DEVELOPMENT_TEAM = ALZ6PAZHNW;
				INFOPLIST_FILE = MyCardsList/Info.plist;
				LD_RUNPATH_SEARCH_PATHS = (
					"$(inherited)",
					"@executable_path/Frameworks",
				);
				MARKETING_VERSION = 1.1.3;
				PRODUCT_BUNDLE_IDENTIFIER = yoppen.MyCardsList;
				PRODUCT_NAME = "$(TARGET_NAME)";
				SWIFT_VERSION = 5.0;
				TARGETED_DEVICE_FAMILY = 1;
			};
			name = Debug;
		};
		AF22CC65268F54190051C583 /* Release */ = {
			isa = XCBuildConfiguration;
			baseConfigurationReference = D3314AE4365F3833342D424E /* Pods-MyCardsList.release.xcconfig */;
			buildSettings = {
				ASSETCATALOG_COMPILER_APPICON_NAME = AppIcon;
				ASSETCATALOG_COMPILER_GLOBAL_ACCENT_COLOR_NAME = AccentColor;
				CODE_SIGN_STYLE = Automatic;
				CURRENT_PROJECT_VERSION = 1.1.3;
				DEVELOPMENT_TEAM = ALZ6PAZHNW;
				INFOPLIST_FILE = MyCardsList/Info.plist;
				LD_RUNPATH_SEARCH_PATHS = (
					"$(inherited)",
					"@executable_path/Frameworks",
				);
				MARKETING_VERSION = 1.1.3;
				PRODUCT_BUNDLE_IDENTIFIER = yoppen.4403;
				PRODUCT_NAME = "$(TARGET_NAME)";
				SWIFT_VERSION = 5.0;
				TARGETED_DEVICE_FAMILY = 1;
			};
			name = Release;
		};
/* End XCBuildConfiguration section */

/* Begin XCConfigurationList section */
		AF22CC4A268F54150051C583 /* Build configuration list for PBXProject "MyCardsList" */ = {
			isa = XCConfigurationList;
			buildConfigurations = (
				AF22CC61268F54190051C583 /* Debug */,
				AF22CC62268F54190051C583 /* Release */,
			);
			defaultConfigurationIsVisible = 0;
			defaultConfigurationName = Release;
		};
		AF22CC63268F54190051C583 /* Build configuration list for PBXNativeTarget "MyCardsList" */ = {
			isa = XCConfigurationList;
			buildConfigurations = (
				AF22CC64268F54190051C583 /* Debug */,
				AF22CC65268F54190051C583 /* Release */,
			);
			defaultConfigurationIsVisible = 0;
			defaultConfigurationName = Release;
		};
/* End XCConfigurationList section */
	};
	rootObject = AF22CC47268F54150051C583 /* Project object */;
}
